{
  "name": "ecommerce",
  "lockfileVersion": 3,
  "requires": true,
  "packages": {
    "": {
      "dependencies": {
        "@ng-icons/heroicons": "^32.1.0"
      }
    },
    "node_modules/@ng-icons/heroicons": {
      "version": "32.1.0",
      "resolved": "https://registry.npmjs.org/@ng-icons/heroicons/-/heroicons-32.1.0.tgz",
      "integrity": "sha512-Vn7MaxCsUKefAt822chmlor0JtyRrZcydvtElU5AaKXiqyQ8oy5DW0cLv8tB9OyY//bo97WHIQ0JbgAYWzGAgA==",
      "license": "MIT",
      "dependencies": {
        "tslib": "^2.3.0"
      }
    },
    "node_modules/tslib": {
      "version": "2.8.1",
      "resolved": "https://registry.npmjs.org/tslib/-/tslib-2.8.1.tgz",
      "integrity": "sha512-oJFu94HQb+KVduSUQL7wnpmqnfmLsOA/nAh6b6EH0wCEoK0/mPeXU6c3wKDV83MkOuHPRHtSXKKU99IBazS/2w==",
      "license": "0BSD"
    }
  }
}
